// !$*UTF8*$!
{
	archiveVersion = 1;
	classes = {
	};
	objectVersion = 50;
	objects = {

/* Begin PBXBuildFile section */
		8CFE70C520BD28C100663389 /* AppDelegate.m in Sources */ = {isa = PBXBuildFile; fileRef = 8CFE70C420BD28C100663389 /* AppDelegate.m */; };
		8CFE70C820BD28C100663389 /* ViewController.m in Sources */ = {isa = PBXBuildFile; fileRef = 8CFE70C720BD28C100663389 /* ViewController.m */; };
		8CFE70CB20BD28C100663389 /* Main.storyboard in Resources */ = {isa = PBXBuildFile; fileRef = 8CFE70C920BD28C100663389 /* Main.storyboard */; };
		8CFE70CD20BD28C300663389 /* Assets.xcassets in Resources */ = {isa = PBXBuildFile; fileRef = 8CFE70CC20BD28C300663389 /* Assets.xcassets */; };
		8CFE70D020BD28C300663389 /* LaunchScreen.storyboard in Resources */ = {isa = PBXBuildFile; fileRef = 8CFE70CE20BD28C300663389 /* LaunchScreen.storyboard */; };
		8CFE70D320BD28C300663389 /* main.m in Sources */ = {isa = PBXBuildFile; fileRef = 8CFE70D220BD28C300663389 /* main.m */; };
		8CFE70DD20BD28C400663389 /* ___UITests.m in Sources */ = {isa = PBXBuildFile; fileRef = 8CFE70DC20BD28C400663389 /* ___UITests.m */; };
		8CFE70E920BD380000663389 /* ImageModel.m in Sources */ = {isa = PBXBuildFile; fileRef = 8CFE70E820BD380000663389 /* ImageModel.m */; };
/* End PBXBuildFile section */

/* Begin PBXContainerItemProxy section */
		8CFE70D920BD28C400663389 /* PBXContainerItemProxy */ = {
			isa = PBXContainerItemProxy;
			containerPortal = 8CFE70B820BD28C100663389 /* Project object */;
			proxyType = 1;
			remoteGlobalIDString = 8CFE70BF20BD28C100663389;
			remoteInfo = "对对碰";
		};
/* End PBXContainerItemProxy section */

/* Begin PBXFileReference section */
		8CFE70C020BD28C100663389 /* 对对碰.app */ = {isa = PBXFileReference; explicitFileType = wrapper.application; includeInIndex = 0; path = "对对碰.app"; sourceTree = BUILT_PRODUCTS_DIR; };
		8CFE70C320BD28C100663389 /* AppDelegate.h */ = {isa = PBXFileReference; lastKnownFileType = sourcecode.c.h; path = AppDelegate.h; sourceTree = "<group>"; };
		8CFE70C420BD28C100663389 /* AppDelegate.m */ = {isa = PBXFileReference; lastKnownFileType = sourcecode.c.objc; path = AppDelegate.m; sourceTree = "<group>"; };
		8CFE70C620BD28C100663389 /* ViewController.h */ = {isa = PBXFileReference; lastKnownFileType = sourcecode.c.h; path = ViewController.h; sourceTree = "<group>"; };
		8CFE70C720BD28C100663389 /* ViewController.m */ = {isa = PBXFileReference; lastKnownFileType = sourcecode.c.objc; path = ViewController.m; sourceTree = "<group>"; };
		8CFE70CA20BD28C100663389 /* Base */ = {isa = PBXFileReference; lastKnownFileType = file.storyboard; name = Base; path = Base.lproj/Main.storyboard; sourceTree = "<group>"; };
		8CFE70CC20BD28C300663389 /* Assets.xcassets */ = {isa = PBXFileReference; lastKnownFileType = folder.assetcatalog; path = Assets.xcassets; sourceTree = "<group>"; };
		8CFE70CF20BD28C300663389 /* Base */ = {isa = PBXFileReference; lastKnownFileType = file.storyboard; name = Base; path = Base.lproj/LaunchScreen.storyboard; sourceTree = "<group>"; };
		8CFE70D120BD28C300663389 /* Info.plist */ = {isa = PBXFileReference; lastKnownFileType = text.plist.xml; path = Info.plist; sourceTree = "<group>"; };
		8CFE70D220BD28C300663389 /* main.m */ = {isa = PBXFileReference; lastKnownFileType = sourcecode.c.objc; path = main.m; sourceTree = "<group>"; };
		8CFE70D820BD28C400663389 /* 对对碰UITests.xctest */ = {isa = PBXFileReference; explicitFileType = wrapper.cfbundle; includeInIndex = 0; path = "对对碰UITests.xctest"; sourceTree = BUILT_PRODUCTS_DIR; };
		8CFE70DC20BD28C400663389 /* ___UITests.m */ = {isa = PBXFileReference; lastKnownFileType = sourcecode.c.objc; path = "___UITests.m"; sourceTree = "<group>"; };
		8CFE70DE20BD28C400663389 /* Info.plist */ = {isa = PBXFileReference; lastKnownFileType = text.plist.xml; path = Info.plist; sourceTree = "<group>"; };
		8CFE70E720BD380000663389 /* ImageModel.h */ = {isa = PBXFileReference; lastKnownFileType = sourcecode.c.h; path = ImageModel.h; sourceTree = "<group>"; };
		8CFE70E820BD380000663389 /* ImageModel.m */ = {isa = PBXFileReference; lastKnownFileType = sourcecode.c.objc; path = ImageModel.m; sourceTree = "<group>"; };
/* End PBXFileReference section */

/* Begin PBXFrameworksBuildPhase section */
		8CFE70BD20BD28C100663389 /* Frameworks */ = {
			isa = PBXFrameworksBuildPhase;
			buildActionMask = 2147483647;
			files = (
			);
			runOnlyForDeploymentPostprocessing = 0;
		};
		8CFE70D520BD28C400663389 /* Frameworks */ = {
			isa = PBXFrameworksBuildPhase;
			buildActionMask = 2147483647;
			files = (
			);
			runOnlyForDeploymentPostprocessing = 0;
		};
/* End PBXFrameworksBuildPhase section */

/* Begin PBXGroup section */
		8CFE70B720BD28C100663389 = {
			isa = PBXGroup;
			children = (
				8CFE70C220BD28C100663389 /* 对对碰 */,
				8CFE70DB20BD28C400663389 /* 对对碰UITests */,
				8CFE70C120BD28C100663389 /* Products */,
			);
			sourceTree = "<group>";
		};
		8CFE70C120BD28C100663389 /* Products */ = {
			isa = PBXGroup;
			children = (
				8CFE70C020BD28C100663389 /* 对对碰.app */,
				8CFE70D820BD28C400663389 /* 对对碰UITests.xctest */,
			);
			name = Products;
			sourceTree = "<group>";
		};
		8CFE70C220BD28C100663389 /* 对对碰 */ = {
			isa = PBXGroup;
			children = (
				8CFE70C320BD28C100663389 /* AppDelegate.h */,
				8CFE70C420BD28C100663389 /* AppDelegate.m */,
				8CFE70C620BD28C100663389 /* ViewController.h */,
				8CFE70C720BD28C100663389 /* ViewController.m */,
				8CFE70C920BD28C100663389 /* Main.storyboard */,
				8CFE70CC20BD28C300663389 /* Assets.xcassets */,
				8CFE70CE20BD28C300663389 /* LaunchScreen.storyboard */,
				8CFE70D120BD28C300663389 /* Info.plist */,
				8CFE70D220BD28C300663389 /* main.m */,
				8CFE70E720BD380000663389 /* ImageModel.h */,
				8CFE70E820BD380000663389 /* ImageModel.m */,
			);
			path = "对对碰";
			sourceTree = "<group>";
		};
		8CFE70DB20BD28C400663389 /* 对对碰UITests */ = {
			isa = PBXGroup;
			children = (
				8CFE70DC20BD28C400663389 /* ___UITests.m */,
				8CFE70DE20BD28C400663389 /* Info.plist */,
			);
			path = "对对碰UITests";
			sourceTree = "<group>";
		};
/* End PBXGroup section */

/* Begin PBXNativeTarget section */
		8CFE70BF20BD28C100663389 /* 对对碰 */ = {
			isa = PBXNativeTarget;
			buildConfigurationList = 8CFE70E120BD28C400663389 /* Build configuration list for PBXNativeTarget "对对碰" */;
			buildPhases = (
				8CFE70BC20BD28C100663389 /* Sources */,
				8CFE70BD20BD28C100663389 /* Frameworks */,
				8CFE70BE20BD28C100663389 /* Resources */,
			);
			buildRules = (
			);
			dependencies = (
			);
			name = "对对碰";
			productName = "对对碰";
			productReference = 8CFE70C020BD28C100663389 /* 对对碰.app */;
			productType = "com.apple.product-type.application";
		};
		8CFE70D720BD28C400663389 /* 对对碰UITests */ = {
			isa = PBXNativeTarget;
			buildConfigurationList = 8CFE70E420BD28C400663389 /* Build configuration list for PBXNativeTarget "对对碰UITests" */;
			buildPhases = (
				8CFE70D420BD28C400663389 /* Sources */,
				8CFE70D520BD28C400663389 /* Frameworks */,
				8CFE70D620BD28C400663389 /* Resources */,
			);
			buildRules = (
			);
			dependencies = (
				8CFE70DA20BD28C400663389 /* PBXTargetDependency */,
			);
			name = "对对碰UITests";
			productName = "对对碰UITests";
			productReference = 8CFE70D820BD28C400663389 /* 对对碰UITests.xctest */;
			productType = "com.apple.product-type.bundle.ui-testing";
		};
/* End PBXNativeTarget section */

/* Begin PBXProject section */
		8CFE70B820BD28C100663389 /* Project object */ = {
			isa = PBXProject;
			attributes = {
				LastUpgradeCheck = 0930;
				ORGANIZATIONNAME = haha;
				TargetAttributes = {
					8CFE70BF20BD28C100663389 = {
						CreatedOnToolsVersion = 9.3.1;
					};
					8CFE70D720BD28C400663389 = {
						CreatedOnToolsVersion = 9.3.1;
						TestTargetID = 8CFE70BF20BD28C100663389;
					};
				};
			};
			buildConfigurationList = 8CFE70BB20BD28C100663389 /* Build configuration list for PBXProject "对对碰" */;
			compatibilityVersion = "Xcode 9.3";
			developmentRegion = en;
			hasScannedForEncodings = 0;
			knownRegions = (
				en,
				Base,
			);
			mainGroup = 8CFE70B720BD28C100663389;
			productRefGroup = 8CFE70C120BD28C100663389 /* Products */;
			projectDirPath = "";
			projectRoot = "";
			targets = (
				8CFE70BF20BD28C100663389 /* 对对碰 */,
				8CFE70D720BD28C400663389 /* 对对碰UITests */,
			);
		};
/* End PBXProject section */

/* Begin PBXResourcesBuildPhase section */
		8CFE70BE20BD28C100663389 /* Resources */ = {
			isa = PBXResourcesBuildPhase;
			buildActionMask = 2147483647;
			files = (
				8CFE70D020BD28C300663389 /* LaunchScreen.storyboard in Resources */,
				8CFE70CD20BD28C300663389 /* Assets.xcassets in Resources */,
				8CFE70CB20BD28C100663389 /* Main.storyboard in Resources */,
			);
			runOnlyForDeploymentPostprocessing = 0;
		};
		8CFE70D620BD28C400663389 /* Resources */ = {
			isa = PBXResourcesBuildPhase;
			buildActionMask = 2147483647;
			files = (
			);
			runOnlyForDeploymentPostprocessing = 0;
		};
/* End PBXResourcesBuildPhase section */

/* Begin PBXSourcesBuildPhase section */
		8CFE70BC20BD28C100663389 /* Sources */ = {
			isa = PBXSourcesBuildPhase;
			buildActionMask = 2147483647;
			files = (
				8CFE70C820BD28C100663389 /* ViewController.m in Sources */,
				8CFE70D320BD28C300663389 /* main.m in Sources */,
				8CFE70C520BD28C100663389 /* AppDelegate.m in Sources */,
				8CFE70E920BD380000663389 /* ImageModel.m in Sources */,
			);
			runOnlyForDeploymentPostprocessing = 0;
		};
		8CFE70D420BD28C400663389 /* Sources */ = {
			isa = PBXSourcesBuildPhase;
			buildActionMask = 2147483647;
			files = (
				8CFE70DD20BD28C400663389 /* ___UITests.m in Sources */,
			);
			runOnlyForDeploymentPostprocessing = 0;
		};
/* End PBXSourcesBuildPhase section */

/* Begin PBXTargetDependency section */
		8CFE70DA20BD28C400663389 /* PBXTargetDependency */ = {
			isa = PBXTargetDependency;
			target = 8CFE70BF20BD28C100663389 /* 对对碰 */;
			targetProxy = 8CFE70D920BD28C400663389 /* PBXContainerItemProxy */;
		};
/* End PBXTargetDependency section */

/* Begin PBXVariantGroup section */
		8CFE70C920BD28C100663389 /* Main.storyboard */ = {
			isa = PBXVariantGroup;
			children = (
				8CFE70CA20BD28C100663389 /* Base */,
			);
			name = Main.storyboard;
			sourceTree = "<group>";
		};
		8CFE70CE20BD28C300663389 /* LaunchScreen.storyboard */ = {
			isa = PBXVariantGroup;
			children = (
				8CFE70CF20BD28C300663389 /* Base */,
			);
			name = LaunchScreen.storyboard;
			sourceTree = "<group>";
		};
/* End PBXVariantGroup section */

/* Begin XCBuildConfiguration section */
		8CFE70DF20BD28C400663389 /* Debug */ = {
			isa = XCBuildConfiguration;
			buildSettings = {
				ALWAYS_SEARCH_USER_PATHS = NO;
				CLANG_ANALYZER_NONNULL = YES;
				CLANG_ANALYZER_NUMBER_OBJECT_CONVERSION = YES_AGGRESSIVE;
				CLANG_CXX_LANGUAGE_STANDARD = "gnu++14";
				CLANG_CXX_LIBRARY = "libc++";
				CLANG_ENABLE_MODULES = YES;
				CLANG_ENABLE_OBJC_ARC = YES;
				CLANG_ENABLE_OBJC_WEAK = YES;
				CLANG_WARN_BLOCK_CAPTURE_AUTORELEASING = YES;
				CLANG_WARN_BOOL_CONVERSION = YES;
				CLANG_WARN_COMMA = YES;
				CLANG_WARN_CONSTANT_CONVERSION = YES;
				CLANG_WARN_DEPRECATED_OBJC_IMPLEMENTATIONS = YES;
				CLANG_WARN_DIRECT_OBJC_ISA_USAGE = YES_ERROR;
				CLANG_WARN_DOCUMENTATION_COMMENTS = YES;
				CLANG_WARN_EMPTY_BODY = YES;
				CLANG_WARN_ENUM_CONVERSION = YES;
				CLANG_WARN_INFINITE_RECURSION = YES;
				CLANG_WARN_INT_CONVERSION = YES;
				CLANG_WARN_NON_LITERAL_NULL_CONVERSION = YES;
				CLANG_WARN_OBJC_IMPLICIT_RETAIN_SELF = YES;
				CLANG_WARN_OBJC_LITERAL_CONVERSION = YES;
				CLANG_WARN_OBJC_ROOT_CLASS = YES_ERROR;
				CLANG_WARN_RANGE_LOOP_ANALYSIS = YES;
				CLANG_WARN_STRICT_PROTOTYPES = YES;
				CLANG_WARN_SUSPICIOUS_MOVE = YES;
				CLANG_WARN_UNGUARDED_AVAILABILITY = YES_AGGRESSIVE;
				CLANG_WARN_UNREACHABLE_CODE = YES;
				CLANG_WARN__DUPLICATE_METHOD_MATCH = YES;
				CODE_SIGN_IDENTITY = "iPhone Developer";
				COPY_PHASE_STRIP = NO;
				DEBUG_INFORMATION_FORMAT = dwarf;
				ENABLE_STRICT_OBJC_MSGSEND = YES;
				ENABLE_TESTABILITY = YES;
				GCC_C_LANGUAGE_STANDARD = gnu11;
				GCC_DYNAMIC_NO_PIC = NO;
				GCC_NO_COMMON_BLOCKS = YES;
				GCC_OPTIMIZATION_LEVEL = 0;
				GCC_PREPROCESSOR_DEFINITIONS = (
					"DEBUG=1",
					"$(inherited)",
				);
				GCC_WARN_64_TO_32_BIT_CONVERSION = YES;
				GCC_WARN_ABOUT_RETURN_TYPE = YES_ERROR;
				GCC_WARN_UNDECLARED_SELECTOR = YES;
				GCC_WARN_UNINITIALIZED_AUTOS = YES_AGGRESSIVE;
				GCC_WARN_UNUSED_FUNCTION = YES;
				GCC_WARN_UNUSED_VARIABLE = YES;
				IPHONEOS_DEPLOYMENT_TARGET = 11.3;
				MTL_ENABLE_DEBUG_INFO = YES;
				ONLY_ACTIVE_ARCH = YES;
				SDKROOT = iphoneos;
			};
			name = Debug;
		};
		8CFE70E020BD28C400663389 /* Release */ = {
			isa = XCBuildConfiguration;
			buildSettings = {
				ALWAYS_SEARCH_USER_PATHS = NO;
				CLANG_ANALYZER_NONNULL = YES;
				CLANG_ANALYZER_NUMBER_OBJECT_CONVERSION = YES_AGGRESSIVE;
				CLANG_CXX_LANGUAGE_STANDARD = "gnu++14";
				CLANG_CXX_LIBRARY = "libc++";
				CLANG_ENABLE_MODULES = YES;
				CLANG_ENABLE_OBJC_ARC = YES;
				CLANG_ENABLE_OBJC_WEAK = YES;
				CLANG_WARN_BLOCK_CAPTURE_AUTORELEASING = YES;
				CLANG_WARN_BOOL_CONVERSION = YES;
				CLANG_WARN_COMMA = YES;
				CLANG_WARN_CONSTANT_CONVERSION = YES;
				CLANG_WARN_DEPRECATED_OBJC_IMPLEMENTATIONS = YES;
				CLANG_WARN_DIRECT_OBJC_ISA_USAGE = YES_ERROR;
				CLANG_WARN_DOCUMENTATION_COMMENTS = YES;
				CLANG_WARN_EMPTY_BODY = YES;
				CLANG_WARN_ENUM_CONVERSION = YES;
				CLANG_WARN_INFINITE_RECURSION = YES;
				CLANG_WARN_INT_CONVERSION = YES;
				CLANG_WARN_NON_LITERAL_NULL_CONVERSION = YES;
				CLANG_WARN_OBJC_IMPLICIT_RETAIN_SELF = YES;
				CLANG_WARN_OBJC_LITERAL_CONVERSION = YES;
				CLANG_WARN_OBJC_ROOT_CLASS = YES_ERROR;
				CLANG_WARN_RANGE_LOOP_ANALYSIS = YES;
				CLANG_WARN_STRICT_PROTOTYPES = YES;
				CLANG_WARN_SUSPICIOUS_MOVE = YES;
				CLANG_WARN_UNGUARDED_AVAILABILITY = YES_AGGRESSIVE;
				CLANG_WARN_UNREACHABLE_CODE = YES;
				CLANG_WARN__DUPLICATE_METHOD_MATCH = YES;
				CODE_SIGN_IDENTITY = "iPhone Developer";
				COPY_PHASE_STRIP = NO;
				DEBUG_INFORMATION_FORMAT = "dwarf-with-dsym";
				ENABLE_NS_ASSERTIONS = NO;
				ENABLE_STRICT_OBJC_MSGSEND = YES;
				GCC_C_LANGUAGE_STANDARD = gnu11;
				GCC_NO_COMMON_BLOCKS = YES;
				GCC_WARN_64_TO_32_BIT_CONVERSION = YES;
				GCC_WARN_ABOUT_RETURN_TYPE = YES_ERROR;
				GCC_WARN_UNDECLARED_SELECTOR = YES;
				GCC_WARN_UNINITIALIZED_AUTOS = YES_AGGRESSIVE;
				GCC_WARN_UNUSED_FUNCTION = YES;
				GCC_WARN_UNUSED_VARIABLE = YES;
				IPHONEOS_DEPLOYMENT_TARGET = 11.3;
				MTL_ENABLE_DEBUG_INFO = NO;
				SDKROOT = iphoneos;
				VALIDATE_PRODUCT = YES;
			};
			name = Release;
		};
		8CFE70E220BD28C400663389 /* Debug */ = {
			isa = XCBuildConfiguration;
			buildSettings = {
				ASSETCATALOG_COMPILER_APPICON_NAME = AppIcon;
				CODE_SIGN_STYLE = Automatic;
				INFOPLIST_FILE = "对对碰/Info.plist";
				LD_RUNPATH_SEARCH_PATHS = (
					"$(inherited)",
					"@executable_path/Frameworks",
				);
				PRODUCT_BUNDLE_IDENTIFIER = "com.yxy.---";
				PRODUCT_NAME = "$(TARGET_NAME)";
				TARGETED_DEVICE_FAMILY = "1,2";
			};
			name = Debug;
		};
		8CFE70E320BD28C400663389 /* Release */ = {
			isa = XCBuildConfiguration;
			buildSettings = {
				ASSETCATALOG_COMPILER_APPICON_NAME = AppIcon;
				CODE_SIGN_STYLE = Automatic;
				INFOPLIST_FILE = "对对碰/Info.plist";
				LD_RUNPATH_SEARCH_PATHS = (
					"$(inherited)",
					"@executable_path/Frameworks",
				);
				PRODUCT_BUNDLE_IDENTIFIER = "com.yxy.---";
				PRODUCT_NAME = "$(TARGET_NAME)";
				TARGETED_DEVICE_FAMILY = "1,2";
			};
			name = Release;
		};
		8CFE70E520BD28C400663389 /* Debug */ = {
			isa = XCBuildConfiguration;
			buildSettings = {
				CODE_SIGN_STYLE = Automatic;
				INFOPLIST_FILE = "对对碰UITests/Info.plist";
				LD_RUNPATH_SEARCH_PATHS = (
					"$(inherited)",
					"@executable_path/Frameworks",
					"@loader_path/Frameworks",
				);
				PRODUCT_BUNDLE_IDENTIFIER = "com.yxy.---UITests";
				PRODUCT_NAME = "$(TARGET_NAME)";
				TARGETED_DEVICE_FAMILY = "1,2";
				TEST_TARGET_NAME = "对对碰";
			};
			name = Debug;
		};
		8CFE70E620BD28C400663389 /* Release */ = {
			isa = XCBuildConfiguration;
			buildSettings = {
				CODE_SIGN_STYLE = Automatic;
				INFOPLIST_FILE = "对对碰UITests/Info.plist";
				LD_RUNPATH_SEARCH_PATHS = (
					"$(inherited)",
					"@executable_path/Frameworks",
					"@loader_path/Frameworks",
				);
				PRODUCT_BUNDLE_IDENTIFIER = "com.yxy.---UITests";
				PRODUCT_NAME = "$(TARGET_NAME)";
				TARGETED_DEVICE_FAMILY = "1,2";
				TEST_TARGET_NAME = "对对碰";
			};
			name = Release;
		};
/* End XCBuildConfiguration section */

/* Begin XCConfigurationList section */
		8CFE70BB20BD28C100663389 /* Build configuration list for PBXProject "对对碰" */ = {
			isa = XCConfigurationList;
			buildConfigurations = (
				8CFE70DF20BD28C400663389 /* Debug */,
				8CFE70E020BD28C400663389 /* Release */,
			);
			defaultConfigurationIsVisible = 0;
			defaultConfigurationName = Release;
		};
		8CFE70E120BD28C400663389 /* Build configuration list for PBXNativeTarget "对对碰" */ = {
			isa = XCConfigurationList;
			buildConfigurations = (
				8CFE70E220BD28C400663389 /* Debug */,
				8CFE70E320BD28C400663389 /* Release */,
			);
			defaultConfigurationIsVisible = 0;
			defaultConfigurationName = Release;
		};
		8CFE70E420BD28C400663389 /* Build configuration list for PBXNativeTarget "对对碰UITests" */ = {
			isa = XCConfigurationList;
			buildConfigurations = (
				8CFE70E520BD28C400663389 /* Debug */,
				8CFE70E620BD28C400663389 /* Release */,
			);
			defaultConfigurationIsVisible = 0;
			defaultConfigurationName = Release;
		};
/* End XCConfigurationList section */
	};
	rootObject = 8CFE70B820BD28C100663389 /* Project object */;
}
